// !$*UTF8*$!
{
	archiveVersion = 1;
	classes = {
	};
	objectVersion = 46;
	objects = {

/* Begin PBXBuildFile section */
		09D80DD31E827DD000EECE06 /* AppDelegate.swift in Sources */ = {isa = PBXBuildFile; fileRef = 09D80DD21E827DD000EECE06 /* AppDelegate.swift */; };
		09D80DD51E827DD000EECE06 /* ViewController.swift in Sources */ = {isa = PBXBuildFile; fileRef = 09D80DD41E827DD000EECE06 /* ViewController.swift */; };
		09D80DD81E827DD000EECE06 /* Main.storyboard in Resources */ = {isa = PBXBuildFile; fileRef = 09D80DD61E827DD000EECE06 /* Main.storyboard */; };
		09D80DDA1E827DD000EECE06 /* Assets.xcassets in Resources */ = {isa = PBXBuildFile; fileRef = 09D80DD91E827DD000EECE06 /* Assets.xcassets */; };
		09D80DDD1E827DD000EECE06 /* LaunchScreen.storyboard in Resources */ = {isa = PBXBuildFile; fileRef = 09D80DDB1E827DD000EECE06 /* LaunchScreen.storyboard */; };
/* End PBXBuildFile section */

/* Begin PBXFileReference section */
		09D80DCF1E827DD000EECE06 /* App_Des_Asyn.app */ = {isa = PBXFileReference; explicitFileType = wrapper.application; includeInIndex = 0; path = App_Des_Asyn.app; sourceTree = BUILT_PRODUCTS_DIR; };
		09D80DD21E827DD000EECE06 /* AppDelegate.swift */ = {isa = PBXFileReference; lastKnownFileType = sourcecode.swift; path = AppDelegate.swift; sourceTree = "<group>"; };
		09D80DD41E827DD000EECE06 /* ViewController.swift */ = {isa = PBXFileReference; lastKnownFileType = sourcecode.swift; path = ViewController.swift; sourceTree = "<group>"; };
		09D80DD71E827DD000EECE06 /* Base */ = {isa = PBXFileReference; lastKnownFileType = file.storyboard; name = Base; path = Base.lproj/Main.storyboard; sourceTree = "<group>"; };
		09D80DD91E827DD000EECE06 /* Assets.xcassets */ = {isa = PBXFileReference; lastKnownFileType = folder.assetcatalog; path = Assets.xcassets; sourceTree = "<group>"; };
		09D80DDC1E827DD000EECE06 /* Base */ = {isa = PBXFileReference; lastKnownFileType = file.storyboard; name = Base; path = Base.lproj/LaunchScreen.storyboard; sourceTree = "<group>"; };
		09D80DDE1E827DD000EECE06 /* Info.plist */ = {isa = PBXFileReference; lastKnownFileType = text.plist.xml; path = Info.plist; sourceTree = "<group>"; };
/* End PBXFileReference section */

/* Begin PBXFrameworksBuildPhase section */
		09D80DCC1E827DD000EECE06 /* Frameworks */ = {
			isa = PBXFrameworksBuildPhase;
			buildActionMask = 2147483647;
			files = (
			);
			runOnlyForDeploymentPostprocessing = 0;
		};
/* End PBXFrameworksBuildPhase section */

/* Begin PBXGroup section */
		09D80DC61E827DD000EECE06 = {
			isa = PBXGroup;
			children = (
				09D80DD11E827DD000EECE06 /* App_Des_Asyn */,
				09D80DD01E827DD000EECE06 /* Products */,
			);
			sourceTree = "<group>";
		};
		09D80DD01E827DD000EECE06 /* Products */ = {
			isa = PBXGroup;
			children = (
				09D80DCF1E827DD000EECE06 /* App_Des_Asyn.app */,
			);
			name = Products;
			sourceTree = "<group>";
		};
		09D80DD11E827DD000EECE06 /* App_Des_Asyn */ = {
			isa = PBXGroup;
			children = (
				09D80DD21E827DD000EECE06 /* AppDelegate.swift */,
				09D80DD41E827DD000EECE06 /* ViewController.swift */,
				09D80DD61E827DD000EECE06 /* Main.storyboard */,
				09D80DD91E827DD000EECE06 /* Assets.xcassets */,
				09D80DDB1E827DD000EECE06 /* LaunchScreen.storyboard */,
				09D80DDE1E827DD000EECE06 /* Info.plist */,
			);
			path = App_Des_Asyn;
			sourceTree = "<group>";
		};
/* End PBXGroup section */

/* Begin PBXNativeTarget section */
		09D80DCE1E827DD000EECE06 /* App_Des_Asyn */ = {
			isa = PBXNativeTarget;
			buildConfigurationList = 09D80DE11E827DD000EECE06 /* Build configuration list for PBXNativeTarget "App_Des_Asyn" */;
			buildPhases = (
				09D80DCB1E827DD000EECE06 /* Sources */,
				09D80DCC1E827DD000EECE06 /* Frameworks */,
				09D80DCD1E827DD000EECE06 /* Resources */,
			);
			buildRules = (
			);
			dependencies = (
			);
			name = App_Des_Asyn;
			productName = App_Des_Asyn;
			productReference = 09D80DCF1E827DD000EECE06 /* App_Des_Asyn.app */;
			productType = "com.apple.product-type.application";
		};
/* End PBXNativeTarget section */

/* Begin PBXProject section */
		09D80DC71E827DD000EECE06 /* Project object */ = {
			isa = PBXProject;
			attributes = {
				LastSwiftUpdateCheck = 0800;
				LastUpgradeCheck = 0800;
				ORGANIZATIONNAME = cice;
				TargetAttributes = {
					09D80DCE1E827DD000EECE06 = {
						CreatedOnToolsVersion = 8.0;
						DevelopmentTeam = NZ9BB45RRX;
						ProvisioningStyle = Automatic;
					};
				};
			};
			buildConfigurationList = 09D80DCA1E827DD000EECE06 /* Build configuration list for PBXProject "App_Des_Asyn" */;
			compatibilityVersion = "Xcode 3.2";
			developmentRegion = English;
			hasScannedForEncodings = 0;
			knownRegions = (
				en,
				Base,
			);
			mainGroup = 09D80DC61E827DD000EECE06;
			productRefGroup = 09D80DD01E827DD000EECE06 /* Products */;
			projectDirPath = "";
			projectRoot = "";
			targets = (
				09D80DCE1E827DD000EECE06 /* App_Des_Asyn */,
			);
		};
/* End PBXProject section */

/* Begin PBXResourcesBuildPhase section */
		09D80DCD1E827DD000EECE06 /* Resources */ = {
			isa = PBXResourcesBuildPhase;
			buildActionMask = 2147483647;
			files = (
				09D80DDD1E827DD000EECE06 /* LaunchScreen.storyboard in Resources */,
				09D80DDA1E827DD000EECE06 /* Assets.xcassets in Resources */,
				09D80DD81E827DD000EECE06 /* Main.storyboard in Resources */,
			);
			runOnlyForDeploymentPostprocessing = 0;
		};
/* End PBXResourcesBuildPhase section */

/* Begin PBXSourcesBuildPhase section */
		09D80DCB1E827DD000EECE06 /* Sources */ = {
			isa = PBXSourcesBuildPhase;
			buildActionMask = 2147483647;
			files = (
				09D80DD51E827DD000EECE06 /* ViewController.swift in Sources */,
				09D80DD31E827DD000EECE06 /* AppDelegate.swift in Sources */,
			);
			runOnlyForDeploymentPostprocessing = 0;
		};
/* End PBXSourcesBuildPhase section */

/* Begin PBXVariantGroup section */
		09D80DD61E827DD000EECE06 /* Main.storyboard */ = {
			isa = PBXVariantGroup;
			children = (
				09D80DD71E827DD000EECE06 /* Base */,
			);
			name = Main.storyboard;
			sourceTree = "<group>";
		};
		09D80DDB1E827DD000EECE06 /* LaunchScreen.storyboard */ = {
			isa = PBXVariantGroup;
			children = (
				09D80DDC1E827DD000EECE06 /* Base */,
			);
			name = LaunchScreen.storyboard;
			sourceTree = "<group>";
		};
/* End PBXVariantGroup section */

/* Begin XCBuildConfiguration section */
		09D80DDF1E827DD000EECE06 /* Debug */ = {
			isa = XCBuildConfiguration;
			buildSettings = {
				ALWAYS_SEARCH_USER_PATHS = NO;
				CLANG_ANALYZER_NONNULL = YES;
				CLANG_CXX_LANGUAGE_STANDARD = "gnu++0x";
				CLANG_CXX_LIBRARY = "libc++";
				CLANG_ENABLE_MODULES = YES;
				CLANG_ENABLE_OBJC_ARC = YES;
				CLANG_WARN_BOOL_CONVERSION = YES;
				CLANG_WARN_CONSTANT_CONVERSION = YES;
				CLANG_WARN_DIRECT_OBJC_ISA_USAGE = YES_ERROR;
				CLANG_WARN_DOCUMENTATION_COMMENTS = YES;
				CLANG_WARN_EMPTY_BODY = YES;
				CLANG_WARN_ENUM_CONVERSION = YES;
				CLANG_WARN_INFINITE_RECURSION = YES;
				CLANG_WARN_INT_CONVERSION = YES;
				CLANG_WARN_OBJC_ROOT_CLASS = YES_ERROR;
				CLANG_WARN_SUSPICIOUS_MOVES = YES;
				CLANG_WARN_UNREACHABLE_CODE = YES;
				CLANG_WARN__DUPLICATE_METHOD_MATCH = YES;
				"CODE_SIGN_IDENTITY[sdk=iphoneos*]" = "iPhone Developer";
				COPY_PHASE_STRIP = NO;
				DEBUG_INFORMATION_FORMAT = dwarf;
				ENABLE_STRICT_OBJC_MSGSEND = YES;
				ENABLE_TESTABILITY = YES;
				GCC_C_LANGUAGE_STANDARD = gnu99;
				GCC_DYNAMIC_NO_PIC = NO;
				GCC_NO_COMMON_BLOCKS = YES;
				GCC_OPTIMIZATION_LEVEL = 0;
				GCC_PREPROCESSOR_DEFINITIONS = (
					"DEBUG=1",
					"$(inherited)",
				);
				GCC_WARN_64_TO_32_BIT_CONVERSION = YES;
				GCC_WARN_ABOUT_RETURN_TYPE = YES_ERROR;
				GCC_WARN_UNDECLARED_SELECTOR = YES;
				GCC_WARN_UNINITIALIZED_AUTOS = YES_AGGRESSIVE;
				GCC_WARN_UNUSED_FUNCTION = YES;
				GCC_WARN_UNUSED_VARIABLE = YES;
				IPHONEOS_DEPLOYMENT_TARGET = 10.0;
				MTL_ENABLE_DEBUG_INFO = YES;
				ONLY_ACTIVE_ARCH = YES;
				SDKROOT = iphoneos;
				SWIFT_ACTIVE_COMPILATION_CONDITIONS = DEBUG;
				SWIFT_OPTIMIZATION_LEVEL = "-Onone";
			};
			name = Debug;
		};
		09D80DE01E827DD000EECE06 /* Release */ = {
			isa = XCBuildConfiguration;
			buildSettings = {
				ALWAYS_SEARCH_USER_PATHS = NO;
				CLANG_ANALYZER_NONNULL = YES;
				CLANG_CXX_LANGUAGE_STANDARD = "gnu++0x";
				CLANG_CXX_LIBRARY = "libc++";
				CLANG_ENABLE_MODULES = YES;
				CLANG_ENABLE_OBJC_ARC = YES;
				CLANG_WARN_BOOL_CONVERSION = YES;
				CLANG_WARN_CONSTANT_CONVERSION = YES;
				CLANG_WARN_DIRECT_OBJC_ISA_USAGE = YES_ERROR;
				CLANG_WARN_DOCUMENTATION_COMMENTS = YES;
				CLANG_WARN_EMPTY_BODY = YES;
				CLANG_WARN_ENUM_CONVERSION = YES;
				CLANG_WARN_INFINITE_RECURSION = YES;
				CLANG_WARN_INT_CONVERSION = YES;
				CLANG_WARN_OBJC_ROOT_CLASS = YES_ERROR;
				CLANG_WARN_SUSPICIOUS_MOVES = YES;
				CLANG_WARN_UNREACHABLE_CODE = YES;
				CLANG_WARN__DUPLICATE_METHOD_MATCH = YES;
				"CODE_SIGN_IDENTITY[sdk=iphoneos*]" = "iPhone Developer";
				COPY_PHASE_STRIP = NO;
				DEBUG_INFORMATION_FORMAT = "dwarf-with-dsym";
				ENABLE_NS_ASSERTIONS = NO;
				ENABLE_STRICT_OBJC_MSGSEND = YES;
				GCC_C_LANGUAGE_STANDARD = gnu99;
				GCC_NO_COMMON_BLOCKS = YES;
				GCC_WARN_64_TO_32_BIT_CONVERSION = YES;
				GCC_WARN_ABOUT_RETURN_TYPE = YES_ERROR;
				GCC_WARN_UNDECLARED_SELECTOR = YES;
				GCC_WARN_UNINITIALIZED_AUTOS = YES_AGGRESSIVE;
				GCC_WARN_UNUSED_FUNCTION = YES;
				GCC_WARN_UNUSED_VARIABLE = YES;
				IPHONEOS_DEPLOYMENT_TARGET = 10.0;
				MTL_ENABLE_DEBUG_INFO = NO;
				SDKROOT = iphoneos;
				SWIFT_OPTIMIZATION_LEVEL = "-Owholemodule";
				VALIDATE_PRODUCT = YES;
			};
			name = Release;
		};
		09D80DE21E827DD000EECE06 /* Debug */ = {
			isa = XCBuildConfiguration;
			buildSettings = {
				ASSETCATALOG_COMPILER_APPICON_NAME = AppIcon;
				DEVELOPMENT_TEAM = NZ9BB45RRX;
				INFOPLIST_FILE = App_Des_Asyn/Info.plist;
				LD_RUNPATH_SEARCH_PATHS = "$(inherited) @executable_path/Frameworks";
				PRODUCT_BUNDLE_IDENTIFIER = "com.cice.App-Des-Asyn";
				PRODUCT_NAME = "$(TARGET_NAME)";
				SWIFT_VERSION = 3.0;
			};
			name = Debug;
		};
		09D80DE31E827DD000EECE06 /* Release */ = {
			isa = XCBuildConfiguration;
			buildSettings = {
				ASSETCATALOG_COMPILER_APPICON_NAME = AppIcon;
				DEVELOPMENT_TEAM = NZ9BB45RRX;
				INFOPLIST_FILE = App_Des_Asyn/Info.plist;
				LD_RUNPATH_SEARCH_PATHS = "$(inherited) @executable_path/Frameworks";
				PRODUCT_BUNDLE_IDENTIFIER = "com.cice.App-Des-Asyn";
				PRODUCT_NAME = "$(TARGET_NAME)";
				SWIFT_VERSION = 3.0;
			};
			name = Release;
		};
/* End XCBuildConfiguration section */

/* Begin XCConfigurationList section */
		09D80DCA1E827DD000EECE06 /* Build configuration list for PBXProject "App_Des_Asyn" */ = {
			isa = XCConfigurationList;
			buildConfigurations = (
				09D80DDF1E827DD000EECE06 /* Debug */,
				09D80DE01E827DD000EECE06 /* Release */,
			);
			defaultConfigurationIsVisible = 0;
			defaultConfigurationName = Release;
		};
		09D80DE11E827DD000EECE06 /* Build configuration list for PBXNativeTarget "App_Des_Asyn" */ = {
			isa = XCConfigurationList;
			buildConfigurations = (
				09D80DE21E827DD000EECE06 /* Debug */,
				09D80DE31E827DD000EECE06 /* Release */,
			);
			defaultConfigurationIsVisible = 0;
		};
/* End XCConfigurationList section */
	};
	rootObject = 09D80DC71E827DD000EECE06 /* Project object */;
}
